
Microsoft Visual Studio Solution File, Format Version 12.00
Project("{FAE04EC0-301F-11D3-BF4B-00C04F79EFBC}") = "FRACAS", "FRACAS.csproj", "{DDA3A3EE-0334-4E81-9C1A-C8908737163A}"
EndProject
Global
	GlobalSection(SolutionConfigurationPlatforms) = preSolution
		Debug|x64 = Debug|x64
		Release|x64 = Release|x64
	EndGlobalSection
	GlobalSection(ProjectConfigurationPlatforms) = postSolution
		{DDA3A3EE-0334-4E81-9C1A-C8908737163A}.Debug|x64.ActiveCfg = Debug|x64
		{DDA3A3EE-0334-4E81-9C1A-C8908737163A}.Debug|x64.Build.0 = Debug|x64
		{DDA3A3EE-0334-4E81-9C1A-C8908737163A}.Release|x64.ActiveCfg = Release|x64
		{DDA3A3EE-0334-4E81-9C1A-C8908737163A}.Release|x64.Build.0 = Release|x64
	EndGlobalSection
EndGlobal
